
Microsoft Visual Studio Solution File, Format Version 12.00
# Visual Studio Version 16
VisualStudioVersion = 16.0.31019.35
MinimumVisualStudioVersion = 10.0.40219.1
Project("{9A19103F-16F7-4668-BE54-9A1E7A4F7556}") = "GameService", "GameService\GameService.csproj", "{827B25FE-8B9C-4017-B4CD-F323CA0C5B9D}"
EndProject
Global
	GlobalSection(SolutionConfigurationPlatforms) = preSolution
		Debug|Any CPU = Debug|Any CPU
		Release|Any CPU = Release|Any CPU
	EndGlobalSection
	GlobalSection(ProjectConfigurationPlatforms) = postSolution
		{827B25FE-8B9C-4017-B4CD-F323CA0C5B9D}.Debug|Any CPU.ActiveCfg = Debug|Any CPU
		{827B25FE-8B9C-4017-B4CD-F323CA0C5B9D}.Debug|Any CPU.Build.0 = Debug|Any CPU
		{827B25FE-8B9C-4017-B4CD-F323CA0C5B9D}.Release|Any CPU.ActiveCfg = Release|Any CPU
		{827B25FE-8B9C-4017-B4CD-F323CA0C5B9D}.Release|Any CPU.Build.0 = Release|Any CPU
	EndGlobalSection
	GlobalSection(SolutionProperties) = preSolution
		HideSolutionNode = FALSE
	EndGlobalSection
	GlobalSection(ExtensibilityGlobals) = postSolution
		SolutionGuid = {B1EF56EB-34AB-4113-A847-0C95685A4CBE}
	EndGlobalSection
EndGlobal
